github.com/GeertJohan/go-sourcepath v0.0.0-20150925135350-83e8b8723a9b h1:D4H5C4VvURnduTQydyEhA6OWnNcZTLUlNX4YBw5yelY=
github.com/GeertJohan/go-sourcepath v0.0.0-20150925135350-83e8b8723a9b/go.mod h1:X/dh6iyBHZUR+NSNoO9isIl7cRw4n09jwjK5tfr+Rno=
github.com/Masterminds/semver v1.4.2 h1:WBLTQ37jOCzSLtXNdoo8bNM8876KhNqOKvrlGITgsTc=
github.com/Masterminds/semver v1.4.2/go.mod h1:MB6lktGJrhw8PrUyiEoblNEGEQ+RzHPF078ddwwvV3Y=
github.com/Shopify/sarama v1.17.0/go.mod h1:FVkBWblsNy7DGZRfXLU0O9RCGt5g3g3yEuWXgklEdEo=
github.com/StackExchange/wmi v0.0.0-20180116203802-5d049714c4a6/go.mod h1:3eOhrUMpNV+6aFIbp5/iudMxNCF27Vw2OZgy4xEx0Fg=
github.com/Unknwon/com v0.0.0-20151008135407-28b053d5a292 h1:tuQ7w+my8a8mkwN7x2TSd7OzTjkZ7rAeSyH4xncuAMI=
github.com/Unknwon/com v0.0.0-20151008135407-28b053d5a292/go.mod h1:KYCjqMOeHpNuTOiFQU6WEcTG7poCJrUs0YgyHNtn1no=
github.com/anthonynsimon/bild v0.10.0 h1:Mhqk6Latm2snVkfT2LCjh3ostMBsSlv/YgsQCpgPFSc=
github.com/anthonynsimon/bild v0.10.0/go.mod h1:rY8HbNSqiIVRGquP67cbI8etkQGyCZzQ5Fkp0MdtXCQ=
github.com/apache/thrift v0.0.0-20180622210517-af7ecd6a2b15/go.mod h1:cp2SuWMxlEZw2r+iP2GNCdIi4C1qmUzdZFSVb+bacwQ=
github.com/armon/consul-api v0.0.0-20180202201655-eb2c6b5be1b6 h1:G1bPvciwNyF7IUmKXNt9Ak3m6u9DE1rF+RmtIkBpVdA=
github.com/armon/consul-api v0.0.0-20180202201655-eb2c6b5be1b6/go.mod h1:grANhF5doyWs3UAsr3K4I6qtAmlQcZDesFNEHPZAzj8=
github.com/aws/aws-sdk-go v1.14.10 h1:L/iG9Wf9lHjDIOwOh3tYEWeMrOY3dNyHPxfMTFhUIpc=
github.com/aws/aws-sdk-go v1.14.10/go.mod h1:ZRmQr0FajVIyZ4ZzBYKG5P3ZqPz9IHG41ZoMu1ADI3k=
github.com/aws/aws-sdk-go v1.15.35 h1:roOTR0eOeCgYwrz3NXmrneLFBYdnK8epLedaRMm1kQg=
github.com/aws/aws-sdk-go v1.15.35/go.mod h1:mFuSZ37Z9YOHbQEwBWztmVzqXrEkub65tZoCYDt7FT0=
github.com/bgentry/go-netrc v0.0.0-20140422174119-9fd32a8b3d3d h1:xDfNPAt8lFiC1UJrqV3uuy861HCTo708pDMbjHHdCas=
github.com/bgentry/go-netrc v0.0.0-20140422174119-9fd32a8b3d3d/go.mod h1:6QX/PXZ00z/TKoufEY6K/a0k6AhaJrQKdFe6OfVXsa4=
github.com/codahale/hdrhistogram v0.0.0-20161010025455-3a0bb77429bd/go.mod h1:sE/e/2PUdi/liOCUjSTXgM1o87ZssimdTWN964YiIeI=
github.com/coreos/etcd v3.3.8+incompatible h1:yu9KPfJcB+Lk4S4fdlqx/pLDQIlohlpqC0tn2/ofFgY=
github.com/coreos/etcd v3.3.8+incompatible/go.mod h1:uF7uidLiAD3TWHmW31ZFd/JWoc32PjwdhPthX9715RE=
github.com/coreos/go-semver v0.2.0 h1:3Jm3tLmsgAYcjC+4Up7hJrFBPr+n7rAqYeSw/SZazuY=
github.com/coreos/go-semver v0.2.0/go.mod h1:nnelYz7RCh+5ahJtPPxZlU+153eP4D4r3EedlOD2RNk=
github.com/davecgh/go-spew v1.1.0/go.mod h1:J7Y8YcW2NihsgmVo/mv3lAwl/skON4iLHjSsI+c5H38=
github.com/dustin/go-humanize v0.0.0-20180421182945-02af3965c54e/go.mod h1:HtrtbFcZ19U5GC7JDqmcUSB87Iq5E25KnS6fMYU6eOk=
github.com/eapache/go-resiliency v1.1.0/go.mod h1:kFI+JgMyC7bLPUVY133qvEBtVayf5mFgVsvEsIPBvNs=
github.com/eapache/go-xerial-snappy v0.0.0-20160609142408-bb955e01b934/go.mod h1:+020luEh2TKB4/GOp8oxxtq0Daoen/Cii55CzbTV6DU=
github.com/eapache/queue v1.1.0/go.mod h1:6eCeP0CKFpHLu8blIFXhExK/dRa7WDZfr6jVFPTqq+I=
github.com/facebookgo/stack v0.0.0-20160209184415-751773369052 h1:JWuenKqqX8nojtoVVWjGfOF9635RETekkoH6Cc9SX0A=
github.com/facebookgo/stack v0.0.0-20160209184415-751773369052/go.mod h1:UbMTZqLaRiH3MsBH8va0n7s1pQYcu3uTb8G4tygF4Zg=
github.com/fatih/color v1.7.0 h1:DkWD4oS2D8LGGgTQ6IvwJJXSL5Vp2ffcQg58nFV38Ys=
github.com/fatih/color v1.7.0/go.mod h1:Zm6kSWBoL9eyXnKyktHP6abPY2pDugNf5KwzbycvMj4=
github.com/fatih/structs v1.0.0 h1:BrX964Rv5uQ3wwS+KRUAJCBBw5PQmgJfJ6v4yly5QwU=
github.com/fatih/structs v1.0.0/go.mod h1:9NiDSp5zOcgEDl+j00MP/WkGVPOlPRLejGD8Ga6PJ7M=
github.com/fsnotify/fsnotify v1.4.7 h1:IXs+QLmnXW2CcXuY+8Mzv/fWEsPGWxqefPtCP5CnV9I=
github.com/fsnotify/fsnotify v1.4.7/go.mod h1:jwhsz4b93w/PPRr/qN1Yymfu8t87LnFCMoQvtojpjFo=
github.com/go-ini/ini v1.25.4/go.mod h1:ByCAeIL28uOIIG0E3PJtZPDL8WnHpFKFOtgjp+3Ies8=
github.com/go-ini/ini v1.37.0 h1:/FpMfveJbc7ExTTDgT5nL9Vw+aZdst/c2dOxC931U+M=
github.com/go-ini/ini v1.37.0/go.mod h1:ByCAeIL28uOIIG0E3PJtZPDL8WnHpFKFOtgjp+3Ies8=
github.com/go-logfmt/logfmt v0.3.0/go.mod h1:Qt1PoO58o5twSAckw1HlFXLmHsOX5/0LbT9GBnD5lWE=
github.com/go-ole/go-ole v1.2.1/go.mod h1:7FAglXiTm7HKlQRDeOQ6ZNUHidzCWXuZWq/1dTyBNF8=
github.com/gogo/protobuf v1.0.0 h1:2jyBKDKU/8v3v2xVR2PtiWQviFUyiaGk2rpfyFT8rTM=
github.com/gogo/protobuf v1.0.0/go.mod h1:r8qH/GZQm5c6nD/R0oafs1akxWv10x8SbQlK7atdtwQ=
github.com/golang/protobuf v0.0.0-20180616230025-9f81198da99b h1:vknm+bkuBvPdi0J7GI+tNwurC8jxJ4ROuuQNaJ197Bw=
github.com/golang/protobuf v0.0.0-20180616230025-9f81198da99b/go.mod h1:6lQm79b+lXiMfvg/cZm0SGofjICqVBUtrP5yJMmIC1U=
github.com/golang/snappy v0.0.0-20180518054509-2e65f85255db/go.mod h1:/XxbfmMg8lxefKM7IXC3fBNl/7bRcc72aCRzEWrmP2Q=
github.com/grpc-ecosystem/grpc-gateway v1.4.1 h1:pX7cnDwSSmG0dR9yNjCQSSpmsJOqFdT7SzVp5Yl9uVw=
github.com/grpc-ecosystem/grpc-gateway v1.4.1/go.mod h1:RSKVYQBd5MCa4OVpNdGskqpgL2+G+NZTnrVHpWWfpdw=
github.com/hashicorp/go-cleanhttp v0.0.0-20171218145408-d5fe4b57a186 h1:URgjUo+bs1KwatoNbwG0uCO4dHN4r1jsp4a5AGgHRjo=
github.com/hashicorp/go-cleanhttp v0.0.0-20171218145408-d5fe4b57a186/go.mod h1:JpRdi6/HCYpAwUzNwuwqhbovhLtngrth3wmdIIUrZ80=
github.com/hashicorp/go-getter v0.0.0-20180425224130-3f60ec5cfbb2 h1:agL7j8d6LC/7Kwq5qvIl6mC5jC14ANY+MlnhWjmzmSs=
github.com/hashicorp/go-getter v0.0.0-20180425224130-3f60ec5cfbb2/go.mod h1:6rdJFnhkXnzGOJbvkrdv4t9nLwKcVA+tmbQeUlkIzrU=
github.com/hashicorp/go-safetemp v0.0.0-20180326211150-b1a1dbde6fdc h1:wAa9fGALVHfjYxZuXRnmuJG2CnwRpJYOTvY6YdErAh0=
github.com/hashicorp/go-safetemp v0.0.0-20180326211150-b1a1dbde6fdc/go.mod h1:oaerMy3BhqiTbVye6QuFhFtIceqFoDHxNAB65b+Rj1I=
github.com/hashicorp/go-version v0.0.0-20180322230233-23480c066577 h1:at4+18LrM8myamuV7/vT6x2s1JNXp2k4PsSbt4I02X4=
github.com/hashicorp/go-version v0.0.0-20180322230233-23480c066577/go.mod h1:fltr4n8CU8Ke44wwGCBoEymUuxUHl09ZGVZPK5anwXA=
github.com/hashicorp/hcl v0.0.0-20180404174102-ef8a98b0bbce h1:xdsDDbiBDQTKASoGEZ+pEmF1OnWuu8AQ9I8iNbHNeno=
github.com/hashicorp/hcl v0.0.0-20180404174102-ef8a98b0bbce/go.mod h1:oZtUIOe8dh44I2q6ScRibXws4Ajl+d+nod3AaR9vL5w=
github.com/ianlancetaylor/cgosymbolizer v0.0.0-20170921033129-f5072df9c550/go.mod h1:a5aratAVTWyz+nJMmDsN8O4XTfaLfdAsB1ysCmZX5Bw=
github.com/ianlancetaylor/demangle v0.0.0-20180524225900-fc6590592b44/go.mod h1:aSSvb/t6k1mPoxDqO4vJh6VOCGPwU4O0C2/Eqndh1Sc=
github.com/jmespath/go-jmespath v0.0.0-20160202185014-0b12d6b521d8 h1:12VvqtR6Aowv3l/EQUlocDHW2Cp4G9WJVH7uyH8QFJE=
github.com/jmespath/go-jmespath v0.0.0-20160202185014-0b12d6b521d8/go.mod h1:Nht3zPeWKUH0NzdCt2Blrr5ys8VGpn0CEB0cQHVjt7k=
github.com/k0kubun/pp v2.3.0+incompatible h1:EKhKbi34VQDWJtq+zpsKSEhkHHs9w2P8Izbq8IhLVSo=
github.com/k0kubun/pp v2.3.0+incompatible/go.mod h1:GWse8YhT0p8pT4ir3ZgBbfZild3tgzSScAn6HmfYukg=
github.com/kr/logfmt v0.0.0-20140226030751-b84e30acd515/go.mod h1:+0opPa2QZZtGFBFZlji/RkVcI2GknAs/DXo4wKdlNEc=
github.com/magiconair/properties v1.8.0 h1:LLgXmsheXeRoUOBOjtwPQCWIYqM/LU1ayDtDePerRcY=
github.com/magiconair/properties v1.8.0/go.mod h1:PppfXfuXeibc/6YijjN8zIbojt8czPbwD3XqdrwzmxQ=
github.com/mailru/easyjson v0.0.0-20180606163543-3fdea8d05856 h1:hOnidOuIWNsFRPcxxStGeN3NNm4n4+w6KJ9cVJIh70o=
github.com/mailru/easyjson v0.0.0-20180606163543-3fdea8d05856/go.mod h1:C1wdFJiN94OJF2b5HbByQZoLdCWB1Yqtg26g4irojpc=
github.com/mattn/go-colorable v0.0.9 h1:UVL0vNpWh04HeJXV0KLcaT7r06gOH2l4OW6ddYRUIY4=
github.com/mattn/go-colorable v0.0.9/go.mod h1:9vuHe8Xs5qXnSaW/c/ABM9alt+Vo+STaOChaDxuIBZU=
github.com/mattn/go-isatty v0.0.3 h1:ns/ykhmWi7G9O+8a448SecJU3nSMBXJfqQkl0upE1jI=
github.com/mattn/go-isatty v0.0.3/go.mod h1:M+lRXTBqGeGNdLjl/ufCoiOlB5xdOkqRJdNxMWT7Zi4=
github.com/mitchellh/go-homedir v0.0.0-20180523094522-3864e76763d9 h1:Y94YB7jrsihrbGSqRNMwRWJ2/dCxr0hdC2oPRohkx0A=
github.com/mitchellh/go-homedir v0.0.0-20180523094522-3864e76763d9/go.mod h1:SfyaCUpYCn1Vlf4IUYiD9fPX4A5wJrkLzIz1N1q0pr0=
github.com/mitchellh/go-testing-interface v0.0.0-20171004221916-a61a99592b77 h1:7GoSOOW2jpsfkntVKaS2rAr1TJqfcxotyaUcuxoZSzg=
github.com/mitchellh/go-testing-interface v0.0.0-20171004221916-a61a99592b77/go.mod h1:kRemZodwjscx+RGhAo8eIhFbs2+BFgRtFPeD/KE+zxI=
github.com/mitchellh/mapstructure v0.0.0-20180511142126-bb74f1db0675 h1:/rdJjIiKG5rRdwG5yxHmSE/7ZREjpyC0kL7GxGT/qJw=
github.com/mitchellh/mapstructure v0.0.0-20180511142126-bb74f1db0675/go.mod h1:FVVH3fgwuzCH5S8UJGiWEs2h04kUh9fWfEaFds41c1Y=
github.com/nicolai86/instruments v0.0.0-20170630130909-a667d8f6e278 h1:3bQ1vuTFxxAu6fn49ooMK+NHmegFzcYv4YrfoTIxBeM=
github.com/nicolai86/instruments v0.0.0-20170630130909-a667d8f6e278/go.mod h1:zekRVIIgKbAom3Z/8V4/9TnPl9AmRsYLXdJQTOvH2GI=
github.com/opentracing-contrib/go-observer v0.0.0-20170622124052-a52f23424492 h1:lM6RxxfUMrYL/f8bWEUqdXrANWtrL7Nndbm9iFN0DlU=
github.com/opentracing-contrib/go-observer v0.0.0-20170622124052-a52f23424492/go.mod h1:Ngi6UdF0k5OKD5t5wlmGhe/EDKPoUM3BXZSSfIuJbis=
github.com/opentracing-contrib/perfevents v0.0.0-20171011010702-a7a7e747782c/go.mod h1:erROd0wga5pbkZddA3gqBMz+BXOg6i0RbAM0haAwA0A=
github.com/opentracing/opentracing-go v1.0.2 h1:3jA2P6O1F9UOrWVpwrIo17pu01KWvNWg4X946/Y5Zwg=
github.com/opentracing/opentracing-go v1.0.2/go.mod h1:UkNAQd3GIcIGf0SeVgPpRdFStlNbqXla1AfSYxPUl2o=
github.com/openzipkin/zipkin-go-opentracing v0.3.4/go.mod h1:js2AbwmHW0YD9DwIw2JhQWmbfFi/UnWyYwdVhqbCDOE=
github.com/patrickmn/go-cache v2.1.0+incompatible h1:HRMgzkcYKYpi3C8ajMPV8OFXaaRUnok+kx1WdO15EQc=
github.com/patrickmn/go-cache v2.1.0+incompatible/go.mod h1:3Qf8kWWT7OJRJbdiICTKqZju1ZixQ/KpMGzzAfe6+WQ=
github.com/pelletier/go-toml v1.2.0 h1:T5zMGML61Wp+FlcbWjRDT7yAxhJNAiPPLOFECq181zc=
github.com/pelletier/go-toml v1.2.0/go.mod h1:5z9KED0ma1S8pY6P1sdut58dfprrGBbd/94hg7ilaic=
github.com/pierrec/lz4 v2.0.2+incompatible/go.mod h1:pdkljMzZIN41W+lC3N2tnIh5sFi+IEE17M5jbnwPHcY=
github.com/pkg/errors v0.8.0 h1:WdK/asTD0HN+q6hsWO3/vpuAkAr+tw6aNJNDFFf0+qw=
github.com/pkg/errors v0.8.0/go.mod h1:bwawxfHBFNV+L2hUp1rHADufV3IMtnDRdf1r5NINEl0=
github.com/rai-project/config v0.0.0-20180621142834-c84109ab2515 h1:UqQ0JWTEuGM+7akfKOYzye4WQG8gQE6TanwawBu2r9A=
github.com/rai-project/config v0.0.0-20180621142834-c84109ab2515/go.mod h1:6+up0OHiUi2x/4JJfGJfPzE5zb8SKcEfoqGdVtB/5Y4=
github.com/rai-project/dlframework v0.0.0-20180621173252-930c9f16fba5 h1:UYELrI5wShrQTMd7sOvNRySLYQZcASEG2MNSXMS7fII=
github.com/rai-project/dlframework v0.0.0-20180621173252-930c9f16fba5/go.mod h1:agQLUoBA7YWd1i5sLntRwzAd6TwebPWK1bJEYYFrjfM=
github.com/rai-project/downloadmanager v0.0.0-20180621174235-43c38f924f8c h1:zVNpMyn2ZM+wEr0rJ0nLu3v/FkL1gWJGhJXQ9JZyAx4=
github.com/rai-project/downloadmanager v0.0.0-20180621174235-43c38f924f8c/go.mod h1:o03mJkBdZB5zRmSIqWM8t3EowT1hN7d1B7ort9KMPG0=
github.com/rai-project/go-cupti v0.0.0-20180621180611-2344ad3955bc/go.mod h1:BUzFGOVVxGROqZms58g8gtp8EoTgS/EzkhesD88x8us=
github.com/rai-project/godotenv v0.0.0-20180619160704-a501614c3b8d h1:reVy+ViZcrx1ILo+L8wa3dGf6hSd4qlY62VqxZxEgWs=
github.com/rai-project/godotenv v0.0.0-20180619160704-a501614c3b8d/go.mod h1:91keR8FKb9xXErPghO6kMay+2MQb4g+gIZey/W/vv8w=
github.com/rai-project/logger v0.0.0-20180621145311-87ef1d21520e h1:L1Z1kwqKVccD2d1UP7LGAB1MBuW87gwHjx0BAHlqnpM=
github.com/rai-project/logger v0.0.0-20180621145311-87ef1d21520e/go.mod h1:aFDuHWECvho4yTAOeAgPjuLIeGiYrURMS16V//PDmi8=
github.com/rai-project/machine v0.0.0-20180620101015-baf20771b958/go.mod h1:hpQ/gdAlZxaEMOg+wPPvWASs2USschFUMvLcIb5TYC8=
github.com/rai-project/nvidia-smi v0.0.0-20180619160704-6ed0fc7dfd4e h1:qQomXX3PfhsVAIu5S9FvWwk0Xft1JWUH3cMB+ovID1s=
github.com/rai-project/nvidia-smi v0.0.0-20180619160704-6ed0fc7dfd4e/go.mod h1:4LLEYSw0LpRcuOwqSpyeMextz9hqvPE4TU6IGmkT2mA=
github.com/rai-project/nvml-go v0.0.0-20180620190337-0e9aca10dd00/go.mod h1:CJGFmyw7djD///J5ZjKhETwrk/PPFct7xYIyqZF5EcU=
github.com/rai-project/tegra v0.0.0-20180619160704-e67904ef854a/go.mod h1:Fj5aBtW50UAsFCeS9X/t0eoGJvMQAW4w4PDAuRtZLMc=
github.com/rai-project/tracer v0.0.0-20180621165423-1813199cbcd2 h1:0a8VGhOrzsMKi6g83Pu4UD72P1kOSp6TwBSxkQmwHzs=
github.com/rai-project/tracer v0.0.0-20180621165423-1813199cbcd2/go.mod h1:uKgyOoa8nXNUsgRF2TjKKcCRKidUt1hVQU1LT1Gmkuo=
github.com/rai-project/utils v0.0.0-20180621153904-1660f4e6c517 h1:rT2byfluG3u+8KC+8bFR+MGzxErfxrmHK9AOtopMiHQ=
github.com/rai-project/utils v0.0.0-20180621153904-1660f4e6c517/go.mod h1:I/Ti6TSU785mVLG5ybjSjFOnJI0u6IRjRVosnGbrFfg=
github.com/rai-project/uuid v0.0.0-20180621153108-9d1dfc0fdb4f/go.mod h1:wFXPA+w9csecntZ8/dXTj/RDHnpAPirBVtsGQWgjmLk=
github.com/rai-project/vipertags v0.0.0-20180619160704-1b2055ebed22 h1:2k8OIRLrxtKwVZ5k+Xj6OoR0ayZpwZ8QppkvU/kMqUo=
github.com/rai-project/vipertags v0.0.0-20180619160704-1b2055ebed22/go.mod h1:+2KFcVdODWrMQkdYtv7MrXCTpW2RNKXZzO/RsvEQnWc=
github.com/rainycape/dl v0.0.0-20151222075243-1b01514224a1/go.mod h1:lh74SQgfeEuNq74dKWzDLuVB+/ntX5c4g1oDyL4GkGg=
github.com/rcrowley/go-metrics v0.0.0-20180503174638-e2704e165165/go.mod h1:bCqnVzQkZxMG4s8nGwiZ5l3QUCyqpo9Y+/ZMZ9VjZe4=
github.com/shirou/gopsutil v0.0.0-20180524063240-eeb1d38d6959 h1:yZ00xUZXPS+k0gw8DKotdpJFlfUTySqHNsLF9QQdl6Q=
github.com/shirou/gopsutil v0.0.0-20180524063240-eeb1d38d6959/go.mod h1:5b4v6he4MtMOwMlS0TUMTu2PcXUg8+E1lC7eC3UO/RA=
github.com/sirupsen/logrus v1.0.5 h1:8c8b5uO0zS4X6RPl/sd1ENwSkIc0/H2PaHxE3udaE8I=
github.com/sirupsen/logrus v1.0.5/go.mod h1:pMByvHTf9Beacp5x1UXfOR9xyW/9antXMhjMPG0dEzc=
github.com/spf13/afero v1.1.1 h1:Lt3ihYMlE+lreX1GS4Qw4ZsNpYQLxIXKBTEOXm3nt6I=
github.com/spf13/afero v1.1.1/go.mod h1:j4pytiNVoe2o6bmDsKpLACNPDBIoEAkihy7loJ1B0CQ=
github.com/spf13/cast v1.2.0 h1:HHl1DSRbEQN2i8tJmtS6ViPyHx35+p51amrdsiTCrkg=
github.com/spf13/cast v1.2.0/go.mod h1:r2rcYCSwa1IExKTDiTfzaxqT2FNHs8hODu4LnUfgKEg=
github.com/spf13/jwalterweatherman v0.0.0-20180109140146-7c0cea34c8ec h1:2ZXvIUGghLpdTVHR1UfvfrzoVlZaE/yOWC5LueIHZig=
github.com/spf13/jwalterweatherman v0.0.0-20180109140146-7c0cea34c8ec/go.mod h1:cQK4TGJAtQXfYWX+Ddv3mKDzgVb68N+wFjFa4jdeBTo=
github.com/spf13/pflag v1.0.1 h1:aCvUg6QPl3ibpQUxyLkrEkCHtPqYJL4x9AuhqVqFis4=
github.com/spf13/pflag v1.0.1/go.mod h1:DYY7MBk1bdzusC3SYhjObp+wFpr4gzcvqqNjLnInEg4=
github.com/spf13/viper v0.0.0-20180507071007-15738813a09d h1:pIz+bbPLk78K39d3u77IlNpJvpS/f0ao8n3sdy82eCs=
github.com/spf13/viper v0.0.0-20180507071007-15738813a09d/go.mod h1:A8kyI5cUJhb8N+3pkfONlcEcZbueH6nhAm0Fq7SrnBM=
github.com/uber/jaeger-client-go v2.14.0+incompatible/go.mod h1:WVhlPFC8FDjOFMMWRy2pZqQJSXxYSwNYOkTr/Z6d3Kk=
github.com/uber/jaeger-lib v1.5.0/go.mod h1:ComeNDZlWwrWnDv8aPp0Ba6+uUTzImX/AauajbLI56U=
github.com/ugorji/go v1.1.1 h1:gmervu+jDMvXTbcHQ0pd2wee85nEoE0BsVyEuzkfK8w=
github.com/ugorji/go v1.1.1/go.mod h1:hnLbHMwcvSihnDhEfx2/BzKp2xb0Y+ErdfYcrs9tkJQ=
github.com/ulikunitz/xz v0.5.4 h1:zATC2OoZ8H1TZll3FpbX+ikwmadbO699PE06cIkm9oU=
github.com/ulikunitz/xz v0.5.4/go.mod h1:2bypXElzHzzJZwzH67Y6wb67pO62Rzfn7BSiF4ABRW8=
github.com/xordataexchange/crypt v0.0.0-20170626215501-b2862e3d0a77 h1:BUfWaGtsLex4DZgdo+vxCYR13ZKbGy3pZ0MlH6CUEPk=
github.com/xordataexchange/crypt v0.0.0-20170626215501-b2862e3d0a77/go.mod h1:aYKd//L2LvnjZzWKhF00oedf4jCCReLcmhLdhm1A27Q=
golang.org/x/crypto v0.0.0-20180621125126-a49355c7e3f8 h1:h7zdf0RiEvWbYBKIx4b+q41xoUVnMmvsGZnIVE5syG8=
golang.org/x/crypto v0.0.0-20180621125126-a49355c7e3f8/go.mod h1:6SG95UA2DQfeDnfUPMdvaQW0Q7yPrPDi9nlGo2tz2b4=
golang.org/x/exp v0.0.0-20180321215751-8460e604b9de/go.mod h1:CJ0aWSM057203Lf6IL+f9T1iT9GByDxfZKAQTCR3kQA=
golang.org/x/net v0.0.0-20180621144259-afe8f62b1d6b h1:VgWwPFFrh6LyvObbug7TZtI8EX5zwx7WsS6Y4Bqezqo=
golang.org/x/net v0.0.0-20180621144259-afe8f62b1d6b/go.mod h1:mL1N/T3taQHkDXs73rZJwtUhF3w3ftmwwsq0BUmARs4=
golang.org/x/sync v0.0.0-20180314180146-1d60e4601c6f h1:wMNYb4v58l5UBM7MYRLPG6ZhfOqbKu7X5eyFl8ZhKvA=
golang.org/x/sync v0.0.0-20180314180146-1d60e4601c6f/go.mod h1:RxMgew5VJxzue5/jJTE5uejpjVlOe/izrB70Jof72aM=
golang.org/x/sys v0.0.0-20180620133508-ad87a3a340fa h1:MUO6aP6ViFfqImh/3zU3O6QX3W2hFRzkkuCIQuUCOsM=
golang.org/x/sys v0.0.0-20180620133508-ad87a3a340fa/go.mod h1:STP8DvDyc/dI5b8T5hshtkjS+E42TnysNCUPdjciGhY=
golang.org/x/text v0.3.0 h1:g61tztE5qeGQ89tm6NTjjM9VPIm088od1l6aSorWRWg=
golang.org/x/text v0.3.0/go.mod h1:NqM8EUOU14njkJ3fqMW+pc6Ldnwhi/IjpwHt7yyuwOQ=
golang.org/x/tools v0.0.0-20180525024113-a5b4c53f6e8b/go.mod h1:n7NCudcB/nEzxVGmLbDWY5pfWTLqBcC2KZ6jyYvM4mQ=
gonum.org/v1/gonum v0.0.0-20180913065651-20644dbe1a24 h1:QH7yARpZo6y6AYm4BYnHC2wG29oKQzuZm2qTtjrbY0Q=
gonum.org/v1/gonum v0.0.0-20180913065651-20644dbe1a24/go.mod h1:Y+Yx5eoAFn32cQvJDxZx5Dpnq+c3wtXuadVZAcxbbBo=
google.golang.org/genproto v0.0.0-20180608181217-32ee49c4dd80 h1:GL7nK1hkDKrkor0eVOYcMdIsUGErFnaC2gpBOVC+vbI=
google.golang.org/genproto v0.0.0-20180608181217-32ee49c4dd80/go.mod h1:JiN7NxoALGmiZfu7CAH4rXhgtRTLTxftemlI0sWmxmc=
google.golang.org/grpc v1.13.0 h1:bHIbVsCwmvbArgCJmLdgOdHFXlKqTOVjbibbS19cXHc=
google.golang.org/grpc v1.13.0/go.mod h1:yo6s7OP7yaDglbqo1J04qKzAhqBH6lvTonzMVmEdcZw=
gopkg.in/check.v1 v0.0.0-20161208181325-20d25e280405/go.mod h1:Co6ibVJAznAaIkqp8huTwlJQCZ016jof/cbN4VW5Yz0=
gopkg.in/yaml.v2 v2.2.1 h1:mUhvW9EsL+naU5Q3cakzfE91YhliOondGd6ZrsDBHQE=
gopkg.in/yaml.v2 v2.2.1/go.mod h1:hI93XBmqTisBFMUTm0b8Fm+jr3Dg1NNxqwp+5A1VGuI=
