# This file is autogenerated, do not edit; changes may be undone by the next 'dep ensure'.


[[projects]]
  digest = "1:39ca9d87aeb82f8a58e32b01d5c085593396c2a5fd818c8c68b958d8b0b2ba4a"
  name = "cloud.google.com/go"
  packages = [
    "compute/metadata",
    "iam",
    "internal",
    "internal/optional",
    "internal/trace",
    "internal/version",
    "storage",
  ]
  pruneopts = "T"
  revision = "458e1f376a2b44413160b5d301183b65debaa3f6"
  version = "v0.37.2"

[[projects]]
  digest = "1:712ff54e8cf495fc8b8d4312aa2290695082a4ca8dba50d483d07c960f77ff5e"
  name = "github.com/DataDog/zstd"
  packages = ["."]
  pruneopts = "T"
  revision = "c7161f8c63c045cbc7ca051dcc969dd0e4054de2"
  version = "v1.3.5"

[[projects]]
  branch = "master"
  digest = "1:99010387da8d15937ae7f6159c54fe4323a6c2c4690c4a7a6fc43c14bef9e324"
  name = "github.com/GeertJohan/go-sourcepath"
  packages = ["."]
  pruneopts = "T"
  revision = "83e8b8723a9bf39481216e80575f4854c63ece4a"

[[projects]]
  digest = "1:55388fd080150b9a072912f97b1f5891eb0b50df43401f8b75fb4273d3fec9fc"
  name = "github.com/Masterminds/semver"
  packages = ["."]
  pruneopts = "T"
  revision = "c7af12943936e8c39859482e61f0574c2fd7fc75"
  version = "v1.4.2"

[[projects]]
  digest = "1:504966dc3cc9d4b96b12b8143dbcbf2c969c96ea13cb945827bf159cf502fd72"
  name = "github.com/Shopify/sarama"
  packages = ["."]
  pruneopts = "T"
  revision = "4602b5a8c6e826f9e0737865818dd43b2339a092"
  version = "v1.21.0"

[[projects]]
  digest = "1:e92f5581902c345eb4ceffdcd4a854fb8f73cf436d47d837d1ec98ef1fe0a214"
  name = "github.com/StackExchange/wmi"
  packages = ["."]
  pruneopts = "T"
  revision = "5d049714c4a64225c3c79a7cf7d02f7fb5b96338"
  version = "1.0.0"

[[projects]]
  digest = "1:cc8e938ab1b4534f0101584cf003b0fef8218fd0dd9bc2a38d414ccf2327369c"
  name = "github.com/Unknwon/com"
  packages = ["."]
  pruneopts = "T"
  revision = "28b053d5a2923b87ce8c5a08f3af779894a72758"
  version = "v1"

[[projects]]
  digest = "1:09a914d4a8a0869525d20b83e1b7519686116c5be518f78585fb8fde3bce1ad6"
  name = "github.com/anthonynsimon/bild"
  packages = [
    "clone",
    "imgio",
    "math/f64",
    "parallel",
    "transform",
  ]
  pruneopts = "T"
  revision = "35fd1904d43f809ded0959922164885e25577aa2"
  version = "v0.10.0"

[[projects]]
  branch = "master"
  digest = "1:b9cd31f9db1c9e2d7034da61154b6bd75b19dab9b68e168347b288298d8c6ad2"
  name = "github.com/apache/thrift"
  packages = ["lib/go/thrift"]
  pruneopts = "T"
  revision = "c9b1e29bc9e0702d7441383358d565e1e76ccea7"

[[projects]]
  branch = "master"
  digest = "1:1237f2e0fe3256bbce813cc1bafddaf26b85bddbd2f8c08c30eb845140198aee"
  name = "github.com/armon/consul-api"
  packages = ["."]
  pruneopts = "T"
  revision = "eb2c6b5be1b66bab83016e0b05f01b8d5496ffbd"

[[projects]]
  digest = "1:8c90ce6df9897bea1b015250091d306dc66d2bd735f4f3b0bfd3b70dc186b526"
  name = "github.com/aws/aws-sdk-go"
  packages = [
    "aws",
    "aws/awserr",
    "aws/awsutil",
    "aws/client",
    "aws/client/metadata",
    "aws/corehandlers",
    "aws/credentials",
    "aws/credentials/ec2rolecreds",
    "aws/credentials/endpointcreds",
    "aws/credentials/processcreds",
    "aws/credentials/stscreds",
    "aws/csm",
    "aws/defaults",
    "aws/ec2metadata",
    "aws/endpoints",
    "aws/request",
    "aws/session",
    "aws/signer/v4",
    "internal/ini",
    "internal/s3err",
    "internal/sdkio",
    "internal/sdkrand",
    "internal/sdkuri",
    "internal/shareddefaults",
    "private/protocol",
    "private/protocol/eventstream",
    "private/protocol/eventstream/eventstreamapi",
    "private/protocol/query",
    "private/protocol/query/queryutil",
    "private/protocol/rest",
    "private/protocol/restxml",
    "private/protocol/xml/xmlutil",
    "service/s3",
    "service/sts",
  ]
  pruneopts = "T"
  revision = "53e87fccca39c3e7d20e5172dbe66aa13ff55d12"
  version = "v1.19.10"

[[projects]]
  branch = "master"
  digest = "1:f081f147e8621ff737733640bb0ec1e5c11461f451eb11050b5096d0cb941b0c"
  name = "github.com/bamiaux/rez"
  packages = ["."]
  pruneopts = "T"
  revision = "29f4463c688b986c11f166b12734f69b58b5555f"

[[projects]]
  branch = "master"
  digest = "1:1548bbc4aec81a311d8f24d51f2974b73a287f160aa47cdf9e11fef4fbe72dd7"
  name = "github.com/benesch/cgosymbolizer"
  packages = ["."]
  pruneopts = "T"
  revision = "70e1ee2b39d3b616a6ab9996820dde224c27f351"

[[projects]]
  branch = "master"
  digest = "1:1080d62019d783a0e582b00f7b01216df64a889ecf9fa3751290721e00fc978a"
  name = "github.com/bgentry/go-netrc"
  packages = ["netrc"]
  pruneopts = "T"
  revision = "9fd32a8b3d3d3f9d43c341bfe098430e07609480"

[[projects]]
  digest = "1:4e6fa73b0ca03165ff5f6f07464b5b1a83568f027d1a9eccde120c554e43e6b8"
  name = "github.com/cheekybits/genny"
  packages = ["generic"]
  pruneopts = "T"
  revision = "d2cf3cdd35ce0d789056c4bc02a4d6349c947caf"
  version = "v1.0.0"

[[projects]]
  digest = "1:7471447f18b90de5d6adfd51fe8ced6be2dc160d264ccbcd6fcefbd4b79f639e"
  name = "github.com/chewxy/hm"
  packages = ["."]
  pruneopts = "T"
  revision = "61efb3290a086d1335e8954b3734c102126818ba"
  version = "v1.0.0"

[[projects]]
  digest = "1:a15a7cd059657c3de044a9972ba89e55db43ffaad547087fe7e699665f930966"
  name = "github.com/chewxy/math32"
  packages = ["."]
  pruneopts = "T"
  revision = "690198fe423b6a6dacda06cdefa44cf45655dfd3"
  version = "1.0.1"

[[projects]]
  digest = "1:344af3485d538d371d63fb7cf5572e6b12aec63489cd963b70dc207b7a488a08"
  name = "github.com/coreos/etcd"
  packages = [
    "client",
    "pkg/pathutil",
    "pkg/srv",
    "pkg/types",
    "version",
  ]
  pruneopts = "T"
  revision = "d57e8b8d97adfc4a6c224fe116714bf1a1f3beb9"
  version = "v3.3.12"

[[projects]]
  digest = "1:6f0584802aa27c9eba4629e3c8830b66dbc017d3eaf5df3bab2ffb510f6750e3"
  name = "github.com/coreos/go-semver"
  packages = ["semver"]
  pruneopts = "T"
  revision = "8ab6407b697782a06568d4b7f1db25550ec2e4c6"
  version = "v0.2.0"

[[projects]]
  digest = "1:9f42202ac457c462ad8bb9642806d275af9ab4850cf0b1960b9c6f083d4a309a"
  name = "github.com/davecgh/go-spew"
  packages = ["spew"]
  pruneopts = "T"
  revision = "8991bc29aa16c548c550c7ff78260e27b9ab7c73"
  version = "v1.1.1"

[[projects]]
  digest = "1:e72fcba92b5df58144198a0c57de6fbfbc413cedea3e95e210044bb991b19f7b"
  name = "github.com/disintegration/imaging"
  packages = ["."]
  pruneopts = "T"
  revision = "5362c131d56305ce787e79a5b94ffc956df00d62"
  version = "v1.6.0"

[[projects]]
  digest = "1:bd6e6dc5db19ccd7c2356a86e180960f266ed12be1a58ffba88c3399ce205781"
  name = "github.com/eapache/go-resiliency"
  packages = ["breaker"]
  pruneopts = "T"
  revision = "ea41b0fad31007accc7f806884dcdf3da98b79ce"
  version = "v1.1.0"

[[projects]]
  branch = "master"
  digest = "1:5b9eecdd952ee665ce94669cd1074c4fe5fb389a1095a42133ed0ad7ce1e81bd"
  name = "github.com/eapache/go-xerial-snappy"
  packages = ["."]
  pruneopts = "T"
  revision = "776d5712da21bc4762676d614db1d8a64f4238b0"

[[projects]]
  digest = "1:444b82bfe35c83bbcaf84e310fb81a1f9ece03edfed586483c869e2c046aef69"
  name = "github.com/eapache/queue"
  packages = ["."]
  pruneopts = "T"
  revision = "44cc805cf13205b55f69e14bcb69867d1ae92f98"
  version = "v1.1.0"

[[projects]]
  branch = "master"
  digest = "1:9a023ac8c30a6871d3fc94c9c0b5a0639ede096c351fd6cdcd7268fe9cb95af2"
  name = "github.com/facebookgo/stack"
  packages = ["."]
  pruneopts = "T"
  revision = "751773369052141c013c6e827a71e8f35c07879c"

[[projects]]
  digest = "1:865079840386857c809b72ce300be7580cb50d3d3129ce11bf9aa6ca2bc1934a"
  name = "github.com/fatih/color"
  packages = ["."]
  pruneopts = "T"
  revision = "5b77d2a35fb0ede96d138fc9a99f5c9b6aef11b4"
  version = "v1.7.0"

[[projects]]
  digest = "1:af43bdaaf86655a2343f113e9b293bbc16b12099eaeb223982bbe4d4c22ba14d"
  name = "github.com/fatih/structs"
  packages = ["."]
  pruneopts = "T"
  revision = "4966fc68f5b7593aafa6cbbba2d65ec6e1416047"
  version = "v1.1.0"

[[projects]]
  digest = "1:7fc160b460a6fc506b37fcca68332464c3f2cd57b6e3f111f26c5bbfd2d5518e"
  name = "github.com/fsnotify/fsnotify"
  packages = ["."]
  pruneopts = "T"
  revision = "c2828203cd70a50dcccfb2761f8b1f8ceef9a8e9"
  version = "v1.4.7"

[[projects]]
  digest = "1:4062bc6de62d73e2be342243cf138cf499b34d558876db8d9430e2149388a4d8"
  name = "github.com/go-logfmt/logfmt"
  packages = ["."]
  pruneopts = "T"
  revision = "07c9b44f60d7ffdfb7d8efe1ad539965737836dc"
  version = "v0.4.0"

[[projects]]
  digest = "1:721506c3d88697ba8229dec8530cdc02b3efdb1a5c12e5de7e7e70cb41ba3a4e"
  name = "github.com/go-ole/go-ole"
  packages = [
    ".",
    "oleutil",
  ]
  pruneopts = "T"
  revision = "97b6244175ae18ea6eef668034fd6565847501c9"
  version = "v1.2.4"

[[projects]]
  digest = "1:c6e109ed32d266dea072dd6d00e3ee26fb960f86ed0ba7f6a07e5d2bfdeab868"
  name = "github.com/gogo/protobuf"
  packages = [
    "gogoproto",
    "proto",
    "protoc-gen-gogo/descriptor",
    "sortkeys",
    "types",
  ]
  pruneopts = "T"
  revision = "ba06b47c162d49f2af050fb4c75bcbc86a159d5c"
  version = "v1.2.1"

[[projects]]
  branch = "master"
  digest = "1:dffeb21b3de93c043cb8652a9a051a3487940429efefadcaf747c46f62d31513"
  name = "github.com/golang/protobuf"
  packages = [
    "jsonpb",
    "proto",
    "protoc-gen-go/descriptor",
    "protoc-gen-go/generator",
    "protoc-gen-go/generator/internal/remap",
    "protoc-gen-go/plugin",
    "ptypes",
    "ptypes/any",
    "ptypes/duration",
    "ptypes/struct",
    "ptypes/timestamp",
    "ptypes/wrappers",
  ]
  pruneopts = "T"
  revision = "d3c38a4eb4970272b87a425ae00ccc4548e2f9bb"

[[projects]]
  digest = "1:f37c069fadbaa889f79aea9cd463d225000a0d26f1e7423f14c0cd58fbc5c597"
  name = "github.com/golang/snappy"
  packages = ["."]
  pruneopts = "T"
  revision = "2a8bb927dd31d8daada140a5d09578521ce5c36a"
  version = "v0.0.1"

[[projects]]
  digest = "1:cd42282234baaeb7ead07e652e4cd1fe4f9347b44f9886f0532cabb6101f0fee"
  name = "github.com/googleapis/gax-go"
  packages = ["v2"]
  pruneopts = "T"
  revision = "beaecbbdd8af86aa3acf14180d53828ce69400b2"
  version = "v2.0.4"

[[projects]]
  digest = "1:20fdee92b940d438a4b38d7e5eae5e25e390e9480ee6ae756fc6f015b382a345"
  name = "github.com/grpc-ecosystem/grpc-gateway"
  packages = [
    "internal",
    "runtime",
    "utilities",
  ]
  pruneopts = "T"
  revision = "ad529a448ba494a88058f9e5be0988713174ac86"
  version = "v1.9.5"

[[projects]]
  digest = "1:af105c7c5dc0b4ae41991f122cae860b9600f7d226072c2a83127048c991660c"
  name = "github.com/hashicorp/go-cleanhttp"
  packages = ["."]
  pruneopts = "T"
  revision = "eda1e5db218aad1db63ca4642c8906b26bcf2744"
  version = "v0.5.1"

[[projects]]
  branch = "master"
  digest = "1:755951703751471d703af95eccd805e78dcf4788a60515a2563a4d27a88d87be"
  name = "github.com/hashicorp/go-getter"
  packages = [
    ".",
    "helper/url",
  ]
  pruneopts = "T"
  revision = "69dec094fde6ac8d2659bff743fc0b2096ccb54f"

[[projects]]
  digest = "1:605c47454db9040e30b20dc1b29e3e9d42d6ee742545729cdef74afb1b898ad0"
  name = "github.com/hashicorp/go-safetemp"
  packages = ["."]
  pruneopts = "T"
  revision = "c9a55de4fe06c920a71964b53cfe3dd293a3c743"
  version = "v1.0.0"

[[projects]]
  digest = "1:950caca7dfcf796419232ba996c9c3539d09f26af27ba848c4508e604c13efbb"
  name = "github.com/hashicorp/go-version"
  packages = ["."]
  pruneopts = "T"
  revision = "d40cf49b3a77bba84a7afdbd7f1dc295d114efb1"
  version = "v1.1.0"

[[projects]]
  digest = "1:d15ee511aa0f56baacc1eb4c6b922fa1c03b38413b6be18166b996d82a0156ea"
  name = "github.com/hashicorp/golang-lru"
  packages = ["simplelru"]
  pruneopts = "T"
  revision = "7087cb70de9f7a8bc0a10c375cb0d2280a8edf9c"
  version = "v0.5.1"

[[projects]]
  digest = "1:071bcbf82c289fba4d3f63c876bf4f0ba7eda625cd60795e0a03ccbf949e517a"
  name = "github.com/hashicorp/hcl"
  packages = [
    ".",
    "hcl/ast",
    "hcl/parser",
    "hcl/printer",
    "hcl/scanner",
    "hcl/strconv",
    "hcl/token",
    "json/parser",
    "json/scanner",
    "json/token",
  ]
  pruneopts = "T"
  revision = "8cb6e5b959231cc1119e43259c4a608f9c51a241"
  version = "v1.0.0"

[[projects]]
  branch = "master"
  digest = "1:be3bd107094de27145a9a92e9e5e2b3eb03d3d92a5dec68da31b8eba4e4c6ae2"
  name = "github.com/iancoleman/strcase"
  packages = ["."]
  pruneopts = "T"
  revision = "e506e3ef73653e84c592ba44aab577a46678f68c"

[[projects]]
  branch = "master"
  digest = "1:e345ab0697f8f63d0ff3cc4c4c90fa470fa79c8d3c0b461a1d16df2f5b0c1fd1"
  name = "github.com/ianlancetaylor/cgosymbolizer"
  packages = ["."]
  pruneopts = "T"
  revision = "f5072df9c550dc687157e5d7efb50825cdf8f0eb"

[[projects]]
  branch = "master"
  digest = "1:25ef1bfecd28f654fcd76e3a39c3e31eddb9ee1f4ddff9adfb9d49327c4e5377"
  name = "github.com/ianlancetaylor/demangle"
  packages = ["."]
  pruneopts = "T"
  revision = "5e5cf60278f657d30daa329dd0e7e893b6b8f027"

[[projects]]
  branch = "master"
  digest = "1:e26f97664fe650ee3d6fda4b9dcbb71d68ebd31730b8403663a19507fccfe2b3"
  name = "github.com/intel-go/cpuid"
  packages = ["."]
  pruneopts = "T"
  revision = "1a4a6f06a1c643c8fbd339bd61d980960627d09e"

[[projects]]
  digest = "1:b3f2dea8fe8eadb5833f7c8a2ef35dae07308bf7a4d0fee7f37774314e1964d3"
  name = "github.com/jmespath/go-jmespath"
  packages = ["."]
  pruneopts = "T"
  revision = "c2b33e84"

[[projects]]
  digest = "1:86c75d55fde56a814f69515d092963634d6f5f6bc1c3e9091b01fbe373a9546e"
  name = "github.com/k0kubun/pp"
  packages = ["."]
  pruneopts = "T"
  revision = "3d73dea227e0711e38b911ffa6fbafc8ff6b2991"
  version = "v3.0.1"

[[projects]]
  digest = "1:31e761d97c76151dde79e9d28964a812c46efc5baee4085b86f68f0c654450de"
  name = "github.com/konsorten/go-windows-terminal-sequences"
  packages = ["."]
  pruneopts = "T"
  revision = "f55edac94c9bbba5d6182a4be46d86a2c9b5b50e"
  version = "v1.0.2"

[[projects]]
  branch = "master"
  digest = "1:a64e323dc06b73892e5bb5d040ced475c4645d456038333883f58934abbf6f72"
  name = "github.com/kr/logfmt"
  packages = ["."]
  pruneopts = "T"
  revision = "b84e30acd515aadc4b783ad4ff83aff3299bdfe0"

[[projects]]
  digest = "1:53e8c5c79716437e601696140e8b1801aae4204f4ec54a504333702a49572c4f"
  name = "github.com/magiconair/properties"
  packages = ["."]
  pruneopts = "T"
  revision = "c2353362d570a7bfa228149c62842019201cfb71"
  version = "v1.8.0"

[[projects]]
  branch = "master"
  digest = "1:d594a6358158ddbd8996cefe7982228a1f57a6d0f27b6ea71b7e04cf578170aa"
  name = "github.com/mailru/easyjson"
  packages = [
    ".",
    "buffer",
    "jlexer",
    "jwriter",
  ]
  pruneopts = "T"
  revision = "1ea4449da9834f4d333f1cc461c374aea217d249"

[[projects]]
  digest = "1:b168836ecd85a2d138391dbc464d2442ea9400c29cc0636f2c6056b996692e29"
  name = "github.com/mattn/go-colorable"
  packages = ["."]
  pruneopts = "T"
  revision = "167de6bfdfba052fa6b2d3664c8f5272e23c9072"
  version = "v0.0.9"

[[projects]]
  digest = "1:e150b5fafbd7607e2d638e4e5cf43aa4100124e5593385147b0a74e2733d8b0d"
  name = "github.com/mattn/go-isatty"
  packages = ["."]
  pruneopts = "T"
  revision = "c2a7a6ca930a4cd0bc33a3f298eb71960732a3a7"
  version = "v0.0.7"

[[projects]]
  branch = "master"
  digest = "1:5d231480e1c64a726869bc4142d270184c419749d34f167646baa21008eb0a79"
  name = "github.com/mitchellh/go-homedir"
  packages = ["."]
  pruneopts = "T"
  revision = "af06845cf3004701891bf4fdb884bfe4920b3727"

[[projects]]
  digest = "1:42eb1f52b84a06820cedc9baec2e710bfbda3ee6dac6cdb97f8b9a5066134ec6"
  name = "github.com/mitchellh/go-testing-interface"
  packages = ["."]
  pruneopts = "T"
  revision = "6d0b8010fcc857872e42fc6c931227569016843c"
  version = "v1.0.0"

[[projects]]
  digest = "1:53bc4cd4914cd7cd52139990d5170d6dc99067ae31c56530621b18b35fc30318"
  name = "github.com/mitchellh/mapstructure"
  packages = ["."]
  pruneopts = "T"
  revision = "3536a929edddb9a5b34bd6861dc4a9647cb459fe"
  version = "v1.1.2"

[[projects]]
  branch = "master"
  digest = "1:7df5aec51876f1f5d992a7917dc3c22908dffcd3b67298a6e8935b2e4f21d63d"
  name = "github.com/nicolai86/instruments"
  packages = ["."]
  pruneopts = "T"
  revision = "a667d8f6e278892ccc3bc78f7fc6a6364fd68124"

[[projects]]
  branch = "master"
  digest = "1:2da0e5077ed40453dc281b9a2428d84cf6ad14063aed189f6296ca5dd25cf13d"
  name = "github.com/opentracing-contrib/go-observer"
  packages = ["."]
  pruneopts = "T"
  revision = "a52f2342449246d5bcc273e65cbdcfa5f7d6c63c"

[[projects]]
  branch = "master"
  digest = "1:13a77f84aac9ca8e81790049c65a80b20659ddc5b527fae5cdcccb47e90cdfae"
  name = "github.com/opentracing-contrib/perfevents"
  packages = ["go"]
  pruneopts = "T"
  revision = "a7a7e747782c021caa5c44ef98157f761bf56970"

[[projects]]
  digest = "1:a88448fcd2802025fa764388e12f31f0a64d5d436b369a71b97a6c9da783fafe"
  name = "github.com/opentracing/opentracing-go"
  packages = [
    ".",
    "ext",
    "log",
  ]
  pruneopts = "T"
  revision = "659c90643e714681897ec2521c60567dd21da733"
  version = "v1.1.0"

[[projects]]
  digest = "1:d7d9781d7c86e16db72a1c57661cb4ed66530ae32d1e36133ed94fea42e22d3a"
  name = "github.com/openzipkin-contrib/zipkin-go-opentracing"
  packages = [
    "flag",
    "thrift/gen-go/scribe",
    "thrift/gen-go/zipkincore",
    "types",
    "wire",
  ]
  pruneopts = "T"
  revision = "f0f479ad013a498e4cbfb369414e5d3880903779"
  version = "v0.3.5"

[[projects]]
  digest = "1:d7d9781d7c86e16db72a1c57661cb4ed66530ae32d1e36133ed94fea42e22d3a"
  name = "github.com/openzipkin/zipkin-go-opentracing"
  packages = ["."]
  pruneopts = "T"
  revision = "f0f479ad013a498e4cbfb369414e5d3880903779"
  version = "v0.3.5"

[[projects]]
  digest = "1:808cdddf087fb64baeae67b8dfaee2069034d9704923a3cb8bd96a995421a625"
  name = "github.com/patrickmn/go-cache"
  packages = ["."]
  pruneopts = "T"
  revision = "a3647f8e31d79543b2d0f0ae2fe5c379d72cedc0"
  version = "v2.1.0"

[[projects]]
  digest = "1:f689427eab05cdd474917f646ecddb579e2ca4de67bc5b3ea1dc9cdabbcd4288"
  name = "github.com/pelletier/go-toml"
  packages = ["."]
  pruneopts = "T"
  revision = "63909f0a90ab0f36909e8e044e46ace10cf13ba2"
  version = "v1.3.0"

[[projects]]
  digest = "1:c74a7888a2774ef91d8e600be83caec4d90362d3b64cbe10697b34c3eb4180a6"
  name = "github.com/pierrec/lz4"
  packages = [
    ".",
    "internal/xxh32",
  ]
  pruneopts = "T"
  revision = "315a67e90e415bcdaff33057da191569bf4d8479"
  version = "v2.1.1"

[[projects]]
  digest = "1:cf31692c14422fa27c83a05292eb5cbe0fb2775972e8f1f8446a71549bd8980b"
  name = "github.com/pkg/errors"
  packages = ["."]
  pruneopts = "T"
  revision = "ba968bfe8b2f7e042a574c888954fccecfa385b4"
  version = "v0.8.1"

[[projects]]
  branch = "master"
  digest = "1:b43f26f53c58191d7d9787fa006df26b57d7045d521f2f0730c2a192dc914edc"
  name = "github.com/rai-project/config"
  packages = ["."]
  pruneopts = "T"
  revision = "ce134244973df8a3ffac62d20df0e46dc4ca437b"

[[projects]]
  branch = "master"
  digest = "1:a5ebe08e6847dd31098edc13e74c33811e88b02c1784bad53c3f3caf69572e5c"
  name = "github.com/rai-project/cpu"
  packages = ["cpuid"]
  pruneopts = "T"
  revision = "5bc145cba8e061843bd1e71b6c4450d59578554c"

[[projects]]
  branch = "master"
  digest = "1:fc1b9f84b3e118bffbad38679945a36d64a2fda7c2979dc664b15ff71e116647"
  name = "github.com/rai-project/dlframework"
  packages = [
    ".",
    "framework/feature",
    "framework/options",
  ]
  pruneopts = "T"
  revision = "93e476893f9e9d186315a13803106a552030e05f"

[[projects]]
  branch = "master"
  digest = "1:f11805b95673318aabe8ee274df12c08fb05de173df4e08ee8f747d3139f2e02"
  name = "github.com/rai-project/downloadmanager"
  packages = ["."]
  pruneopts = "T"
  revision = "ba1da121542db77fc12e929de694d3defb5b44f7"

[[projects]]
  branch = "master"
  digest = "1:f42c3c45de5d602dce4ad28b2229b6fde812649baf4a9faef598f095eb608631"
  name = "github.com/rai-project/go-cupti"
  packages = [
    ".",
    "types",
  ]
  pruneopts = "T"
  revision = "7e5d2e545092130992a7b27366762662d76fcb55"

[[projects]]
  branch = "master"
  digest = "1:3155acc34bff49b119c6c8d4a90f0351d3adfb3ad26bff808e24db6cbc2bc6d2"
  name = "github.com/rai-project/go-libjpeg"
  packages = ["."]
  pruneopts = "T"
  revision = "c0c10a7e8235277a0a8c62c91bc70688deac5e5a"

[[projects]]
  branch = "master"
  digest = "1:36786f86751a08b455e0e806333825d36d0ab4f67a5e27a0d76d62ecde52b593"
  name = "github.com/rai-project/godotenv"
  packages = ["."]
  pruneopts = "T"
  revision = "72ca456a35f42d911b5a3f25ef9ea42636a22b3b"

[[projects]]
  branch = "master"
  digest = "1:d324ac40cc50b0b5b98d94db9f2f44c714edbd6d143b85b090011d989f7cfa6a"
  name = "github.com/rai-project/image"
  packages = [
    ".",
    "asm",
    "types",
  ]
  pruneopts = "T"
  revision = "407d61a969a0c32ee0703e38839828f0b10cdd12"

[[projects]]
  branch = "master"
  digest = "1:a3595b1112b6d9b6fb74e183859f87eb91392d3d0ad8524f44793f8fc1b5638c"
  name = "github.com/rai-project/logger"
  packages = ["."]
  pruneopts = "T"
  revision = "49978a80bf96e896fd525f153518056b3b75fdf1"

[[projects]]
  branch = "master"
  digest = "1:9fff0a2812257495385ebc6f7ce1d8bc6cae69f585f2904fbd135a440f6eacab"
  name = "github.com/rai-project/machine"
  packages = ["os"]
  pruneopts = "T"
  revision = "16d40a8bc810dd4bda476f87f15607effddedb84"

[[projects]]
  branch = "master"
  digest = "1:266150b2920db612678097e72ae47888152d29d3723a80bd5dd15c400bea6784"
  name = "github.com/rai-project/nvidia-smi"
  packages = ["."]
  pruneopts = "T"
  revision = "864eb441c9ae3171601e2e9df942b9ca386612c0"

[[projects]]
  branch = "master"
  digest = "1:e8b1ae1b3ff644173c0f1c6dc4b7162b000a285dcccd5207a9e15397db4f0261"
  name = "github.com/rai-project/nvml-go"
  packages = ["."]
  pruneopts = "T"
  revision = "4e1189bcc320475bfec1306c719b78939c31a00d"

[[projects]]
  branch = "master"
  digest = "1:fb2b44c0d1c029040d847f5acee30777a9274b57632d11af3dbee8bdfb477fa3"
  name = "github.com/rai-project/tegra"
  packages = ["."]
  pruneopts = "T"
  revision = "1d9901ca382bfae82f47b1ddb5fb67a019d254e8"

[[projects]]
  branch = "master"
  digest = "1:18a4e355092c3af73834f197c47d97002c4f0c167ffa34e51ecec9d97552208e"
  name = "github.com/rai-project/tracer"
  packages = [
    ".",
    "all",
    "chrome",
    "defaults",
    "jaeger",
    "noop",
    "observer",
    "utils",
    "zipkin",
  ]
  pruneopts = "T"
  revision = "1e2f89bbde3754d4047e230659246f4420df3dc9"

[[projects]]
  branch = "master"
  digest = "1:e40951f44154273eb5092194a202e84b27cef56a51be8a378a70c9dc53a388bf"
  name = "github.com/rai-project/utils"
  packages = ["."]
  pruneopts = "T"
  revision = "addd4cf1893f82eadf3982b92dec25f87d0453e2"

[[projects]]
  branch = "master"
  digest = "1:e2a04242aae3d6797e66319593ab408af4eef437c31fa57f0916b50f6860e4d7"
  name = "github.com/rai-project/uuid"
  packages = ["."]
  pruneopts = "T"
  revision = "2a4c8b922cc6a17bd16f236d4bb06134972289f2"

[[projects]]
  branch = "master"
  digest = "1:3b110f9e8ac021ec2c444061da55e3750e2b72846f0597f7e733dc33296e4790"
  name = "github.com/rai-project/vipertags"
  packages = ["."]
  pruneopts = "T"
  revision = "d63b0a674aa95058902e234d2e9e5d1a13aa46a3"

[[projects]]
  branch = "master"
  digest = "1:4f9ae2fe6709b7c30e60e9e212897e165c319158a9f3c3830f1088fce71ddbc7"
  name = "github.com/rainycape/dl"
  packages = ["."]
  pruneopts = "T"
  revision = "1b01514224a1a60a6bcbb0b6b9d3a00ec14ae17f"

[[projects]]
  branch = "master"
  digest = "1:4e1e0e562188a53d5301f2ce0590c1de08ec8820f508fc25cac37ea439e6a914"
  name = "github.com/rcrowley/go-metrics"
  packages = ["."]
  pruneopts = "T"
  revision = "3113b8401b8a98917cde58f8bbd42a1b1c03b1fd"

[[projects]]
  digest = "1:3dd662ea7e6991c9da7125509ed3bd059de418e0055a7e7bd6cd5b0cd396cd7b"
  name = "github.com/shirou/gopsutil"
  packages = [
    "internal/common",
    "mem",
  ]
  pruneopts = "T"
  revision = "2cbc9195c892b304060269ef280375236d2fcac9"
  version = "v2.19.03"

[[projects]]
  digest = "1:425d221445ea27aaad740ed99e2be7cb463528526e63f6c599ad7d28f7ecea45"
  name = "github.com/sirupsen/logrus"
  packages = ["."]
  pruneopts = "T"
  revision = "839c75faf7f98a33d445d181f3018b5c3409a45e"
  version = "v1.4.2"

[[projects]]
  digest = "1:dee0cc3252ce6fcc3334c9529abd32925f2aaf072c90336a5a38254953564aa5"
  name = "github.com/spf13/afero"
  packages = [
    ".",
    "mem",
  ]
  pruneopts = "T"
  revision = "588a75ec4f32903aa5e39a2619ba6a4631e28424"
  version = "v1.2.2"

[[projects]]
  digest = "1:08d65904057412fc0270fc4812a1c90c594186819243160dc779a402d4b6d0bc"
  name = "github.com/spf13/cast"
  packages = ["."]
  pruneopts = "T"
  revision = "8c9545af88b134710ab1cd196795e7f2388358d7"
  version = "v1.3.0"

[[projects]]
  digest = "1:1b753ec16506f5864d26a28b43703c58831255059644351bbcb019b843950900"
  name = "github.com/spf13/jwalterweatherman"
  packages = ["."]
  pruneopts = "T"
  revision = "94f6ae3ed3bceceafa716478c5fbf8d29ca601a1"
  version = "v1.1.0"

[[projects]]
  digest = "1:0f775ea7a72e30d5574267692aaa9ff265aafd15214a7ae7db26bc77f2ca04dc"
  name = "github.com/spf13/pflag"
  packages = ["."]
  pruneopts = "T"
  revision = "298182f68c66c05229eb03ac171abe6e309ee79a"
  version = "v1.0.3"

[[projects]]
  branch = "master"
  digest = "1:8cc7a9e0fcb3a77eafba418eb7c95f0713f07d7ceb9719a5fb41221714241b37"
  name = "github.com/spf13/viper"
  packages = [
    ".",
    "remote",
  ]
  pruneopts = "T"
  revision = "fccfc2c271a59647debe6c5802362469a3700f0a"

[[projects]]
  digest = "1:962c5e977daca4c54a428291cd8b598de173c3d798ffa3aa2556901449ff0702"
  name = "github.com/uber/jaeger-client-go"
  packages = [
    ".",
    "internal/baggage",
    "internal/spanlog",
    "internal/throttler",
    "log",
    "thrift",
    "thrift-gen/agent",
    "thrift-gen/jaeger",
    "thrift-gen/sampling",
    "thrift-gen/zipkincore",
    "transport/zipkin",
    "utils",
    "zipkin",
  ]
  pruneopts = "T"
  revision = "2f47546e3facd43297739439600bcf43f44cce5d"
  version = "v2.16.0"

[[projects]]
  digest = "1:df176ee81e2f96230c093a6f74cde50198e795579d695dd42aaaa801733cd90d"
  name = "github.com/uber/jaeger-lib"
  packages = ["metrics"]
  pruneopts = "T"
  revision = "0e30338a695636fe5bcf7301e8030ce8dd2a8530"
  version = "v2.0.0"

[[projects]]
  digest = "1:77eb0fee08dd0cc2562a8b17e9fd8ef333c0cfd8ebb5f7bb784f769503f05406"
  name = "github.com/ugorji/go"
  packages = ["codec"]
  pruneopts = "T"
  revision = "8fd0f8d918c8f0b52d0af210a812ba882cc31a1e"
  version = "v1.1.2"

[[projects]]
  digest = "1:8c2e44301015aff007b211d2fb03b4ac899ca2d9db1c5e40c456d3c60c1ea867"
  name = "github.com/ulikunitz/xz"
  packages = [
    ".",
    "internal/hash",
    "internal/xlog",
    "lzma",
  ]
  pruneopts = "T"
  revision = "6f934d456d51e742b4eeab20d925a827ef22320a"
  version = "v0.5.6"

[[projects]]
  branch = "master"
  digest = "1:f5474b0bfcb13bc0c8b54dd5443b0c640b9bc1049677d60f9aa130a61316dc76"
  name = "github.com/xordataexchange/crypt"
  packages = [
    "backend",
    "backend/consul",
    "backend/etcd",
    "config",
    "encoding/secconf",
  ]
  pruneopts = "T"
  revision = "b2862e3d0a775f18c7cfe02273500ae307b61218"

[[projects]]
  branch = "master"
  digest = "1:1b343436914e186a993d7c20ab0988aa5b1e0a76a7cc8611a8e7057c3a1e9665"
  name = "github.com/xtgo/set"
  packages = ["."]
  pruneopts = "T"
  revision = "708d80f4a27458f99f8ca12bd0e638c6ee65627f"

[[projects]]
  digest = "1:f257eefc995e018cccd960ff792a16ed1f33c264c5c3df2022f7f956bb082cac"
  name = "go.opencensus.io"
  packages = [
    ".",
    "internal",
    "internal/tagencoding",
    "metric/metricdata",
    "metric/metricproducer",
    "plugin/ochttp",
    "plugin/ochttp/propagation/b3",
    "resource",
    "stats",
    "stats/internal",
    "stats/view",
    "tag",
    "trace",
    "trace/internal",
    "trace/propagation",
    "trace/tracestate",
  ]
  pruneopts = "T"
  revision = "46618d076d80f4eab85adbcb3be9a370be1dc4e0"
  version = "v0.20.0"

[[projects]]
  branch = "master"
  digest = "1:9e0797382899135aae55eb187734c47ab016a675cf772aeeebe5c4e5b7195b0b"
  name = "golang.org/x/crypto"
  packages = [
    "cast5",
    "openpgp",
    "openpgp/armor",
    "openpgp/elgamal",
    "openpgp/errors",
    "openpgp/packet",
    "openpgp/s2k",
  ]
  pruneopts = "T"
  revision = "38d8ce5564a5b71b2e3a00553993f1b9a7ae852f"

[[projects]]
  branch = "master"
  digest = "1:290c47d0b50b4c15b02589f00e3b4322466b942d981f777961ea038098480901"
  name = "golang.org/x/image"
  packages = [
    "bmp",
    "ccitt",
    "tiff",
    "tiff/lzw",
  ]
  pruneopts = "T"
  revision = "d6a02ce849c95fa57d9927fab7b6d9071876dfe0"

[[projects]]
  branch = "master"
  digest = "1:1cbb0d15f83c1f415675143a3f57ae2f236a0f4df5c71c7308a3931f6bb13c2c"
  name = "golang.org/x/net"
  packages = [
    "context",
    "context/ctxhttp",
    "http/httpguts",
    "http2",
    "http2/hpack",
    "idna",
    "internal/timeseries",
    "trace",
    "webdav",
    "webdav/internal/xml",
  ]
  pruneopts = "T"
  revision = "b630fd6fe46bcfc98f989005d8b8ec1400e60a6e"

[[projects]]
  branch = "master"
  digest = "1:604a5b071a1ca54ccc63c82f407a0441879b47a82eae24f12baefa7b5d0322f7"
  name = "golang.org/x/oauth2"
  packages = [
    ".",
    "google",
    "internal",
    "jws",
    "jwt",
  ]
  pruneopts = "T"
  revision = "9f3314589c9a9136388751d9adae6b0ed400978a"

[[projects]]
  branch = "master"
  digest = "1:7054d0b00df4ca102284022b5014be2a790bf3bc5dda947678e4c1f0d8238287"
  name = "golang.org/x/sync"
  packages = ["syncmap"]
  pruneopts = "T"
  revision = "e225da77a7e68af35c70ccbf71af2b83e6acac3c"

[[projects]]
  branch = "master"
  digest = "1:6890bf731a84367f08bc6c4a2749a99da63888a2b7a2b8bd75c817febe2fb575"
  name = "golang.org/x/sys"
  packages = [
    "unix",
    "windows",
  ]
  pruneopts = "T"
  revision = "81d4e9dc473e5e8c933f2aaeba2a3d81efb9aed2"

[[projects]]
  digest = "1:6164911cb5e94e8d8d5131d646613ff82c14f5a8ce869de2f6d80d9889df8c5a"
  name = "golang.org/x/text"
  packages = [
    "collate",
    "collate/build",
    "internal/colltab",
    "internal/gen",
    "internal/tag",
    "internal/triegen",
    "internal/ucd",
    "language",
    "secure/bidirule",
    "transform",
    "unicode/bidi",
    "unicode/cldr",
    "unicode/norm",
    "unicode/rangetable",
  ]
  pruneopts = "T"
  revision = "f21a4dfb5e38f5895301dc265a8def02365cc3d0"
  version = "v0.3.0"

[[projects]]
  branch = "master"
  digest = "1:7e0b08a2566d668de69289ccb76e2ab839e7658c6a81d6d8d87104da4074b97c"
  name = "gonum.org/v1/gonum"
  packages = [
    "blas",
    "blas/blas64",
    "blas/cblas128",
    "blas/gonum",
    "floats",
    "graph",
    "graph/internal/linear",
    "graph/internal/ordered",
    "graph/internal/set",
    "graph/internal/uid",
    "graph/iterator",
    "graph/simple",
    "graph/topo",
    "graph/traverse",
    "internal/asm/c128",
    "internal/asm/c64",
    "internal/asm/f32",
    "internal/asm/f64",
    "internal/cmplx64",
    "internal/math32",
    "lapack",
    "lapack/gonum",
    "lapack/lapack64",
    "mat",
  ]
  pruneopts = "T"
  revision = "169ee079a3fcd6706a67702cf202192814167c28"

[[projects]]
  digest = "1:ad9a4a8828809a8dfd3d51eb5d05af11f9ec853beb7370e0d1312379ef973af3"
  name = "google.golang.org/api"
  packages = [
    "gensupport",
    "googleapi",
    "googleapi/internal/uritemplates",
    "googleapi/transport",
    "internal",
    "iterator",
    "option",
    "storage/v1",
    "transport/http",
    "transport/http/internal/propagation",
  ]
  pruneopts = "T"
  revision = "bce707a4d0ea3488942724b3bcc1c8338f38f991"
  version = "v0.3.0"

[[projects]]
  digest = "1:0c4496c1ac6b225c699524bf78df201f895305d7f6a0fee3d8e99cb244e0474e"
  name = "google.golang.org/appengine"
  packages = [
    ".",
    "internal",
    "internal/app_identity",
    "internal/base",
    "internal/datastore",
    "internal/log",
    "internal/modules",
    "internal/remote_api",
    "internal/urlfetch",
    "urlfetch",
  ]
  pruneopts = "T"
  revision = "54a98f90d1c46b7731eb8fb305d2a321c30ef610"
  version = "v1.5.0"

[[projects]]
  branch = "master"
  digest = "1:6cbc03e8d4c5724d6228c88f1402d8cbd0a515561f73f0cecbb72f3d6576ff28"
  name = "google.golang.org/genproto"
  packages = [
    "googleapis/api/annotations",
    "googleapis/api/httpbody",
    "googleapis/iam/v1",
    "googleapis/rpc/code",
    "googleapis/rpc/status",
    "protobuf/field_mask",
  ]
  pruneopts = "T"
  revision = "64821d5d210748c883cd2b809589555ae4654203"

[[projects]]
  digest = "1:f96fc2f5ab7347ebb9d75e159f5eb6b978e197d018d94f3ee3599e4eba19dbee"
  name = "google.golang.org/grpc"
  packages = [
    ".",
    "balancer",
    "balancer/base",
    "balancer/roundrobin",
    "binarylog/grpc_binarylog_v1",
    "codes",
    "connectivity",
    "credentials",
    "credentials/internal",
    "encoding",
    "encoding/proto",
    "grpclog",
    "internal",
    "internal/backoff",
    "internal/balancerload",
    "internal/binarylog",
    "internal/channelz",
    "internal/envconfig",
    "internal/grpcrand",
    "internal/grpcsync",
    "internal/syscall",
    "internal/transport",
    "keepalive",
    "metadata",
    "naming",
    "peer",
    "resolver",
    "resolver/dns",
    "resolver/passthrough",
    "serviceconfig",
    "stats",
    "status",
    "tap",
  ]
  pruneopts = "T"
  revision = "1d89a3c832915b2314551c1d2a506874d62e53f7"
  version = "v1.22.0"

[[projects]]
  branch = "v2"
  digest = "1:5c50eb6a2415f6e901e59aaa493a2b170a4d798dab306c9ab2ca1e694aecff78"
  name = "gopkg.in/mgo.v2"
  packages = [
    "bson",
    "internal/json",
  ]
  pruneopts = "T"
  revision = "9856a29383ce1c59f308dd1cf0363a79b5bef6b5"

[[projects]]
  digest = "1:4d2e5a73dc1500038e504a8d78b986630e3626dc027bc030ba5c75da257cdb96"
  name = "gopkg.in/yaml.v2"
  packages = ["."]
  pruneopts = "T"
  revision = "51d6538a90f86fe93ac480b35f37b2be17fef232"
  version = "v2.2.2"

[[projects]]
  digest = "1:8631a953401e1d83c4190c743e816cef9273dad111908b5e4406bb7d24c3a17f"
  name = "gorgonia.org/tensor"
  packages = [
    ".",
    "internal/execution",
    "internal/storage",
  ]
  pruneopts = "T"
  revision = "2ab2564f998fe504b94a1679c1c95277cdedea47"
  version = "v0.8.1"

[[projects]]
  branch = "master"
  digest = "1:14385f8f0cca99c7f25522cd624acd442fb82dda1ff08f4c8aea47633a1dff9b"
  name = "gorgonia.org/vecf32"
  packages = ["."]
  pruneopts = "T"
  revision = "a06d791a4e66be4d2fcae4530bb67afa232a0dae"

[[projects]]
  branch = "master"
  digest = "1:acd87fab3987b69979ce8c4dbbc4610e64e28a6b95f6f72b6a262ba10ef5f6c5"
  name = "gorgonia.org/vecf64"
  packages = ["."]
  pruneopts = "T"
  revision = "d21373a26cc12a37eaab0182a21d0225c3b7ef34"

[solve-meta]
  analyzer-name = "dep"
  analyzer-version = 1
  input-imports = [
    "github.com/Unknwon/com",
    "github.com/anthonynsimon/bild/imgio",
    "github.com/anthonynsimon/bild/transform",
    "github.com/k0kubun/pp",
    "github.com/opentracing/opentracing-go",
    "github.com/pkg/errors",
    "github.com/rai-project/config",
    "github.com/rai-project/dlframework",
    "github.com/rai-project/dlframework/framework/feature",
    "github.com/rai-project/dlframework/framework/options",
    "github.com/rai-project/downloadmanager",
    "github.com/rai-project/go-cupti",
    "github.com/rai-project/image",
    "github.com/rai-project/image/types",
    "github.com/rai-project/logger",
    "github.com/rai-project/nvidia-smi",
    "github.com/rai-project/tracer",
    "github.com/rai-project/tracer/all",
    "github.com/rai-project/tracer/chrome",
    "github.com/sirupsen/logrus",
    "gonum.org/v1/gonum/graph",
    "gonum.org/v1/gonum/graph/simple",
    "gonum.org/v1/gonum/graph/topo",
    "gorgonia.org/tensor",
  ]
  solver-name = "gps-cdcl"
  solver-version = 1
